
Microsoft Visual Studio Solution File, Format Version 12.00
# Visual Studio Version 18
VisualStudioVersion = 18.0.11205.157
MinimumVisualStudioVersion = 10.0.40219.1
Project("{2150E333-8FDC-42A3-9474-1A3956D46DE8}") = "src", "src", "{02EA681E-C7D8-13C7-8484-4AC65E1B71E8}"
EndProject
Project("{2150E333-8FDC-42A3-9474-1A3956D46DE8}") = "shared", "shared", "{88AEB93A-467F-4DE6-A815-B4A2427617D1}"
EndProject
Project("{2150E333-8FDC-42A3-9474-1A3956D46DE8}") = "UserService", "UserService", "{3B9B79CD-4FDA-4AD8-B333-BA2B7B02DFED}"
EndProject
Project("{2150E333-8FDC-42A3-9474-1A3956D46DE8}") = "ProductService", "ProductService", "{F3D5B877-50D7-49F0-948C-F67D676D7935}"
EndProject
Project("{2150E333-8FDC-42A3-9474-1A3956D46DE8}") = "CartService", "CartService", "{F1887809-8646-407D-9A01-50BFDBAC5239}"
EndProject
Project("{2150E333-8FDC-42A3-9474-1A3956D46DE8}") = "OrderService", "OrderService", "{0BBF9E35-A062-4A51-B061-DDB0AA41091D}"
EndProject
Project("{2150E333-8FDC-42A3-9474-1A3956D46DE8}") = "BookingService", "BookingService", "{0CF9F2CF-610B-4D6F-8080-74CB5BB791CC}"
EndProject
Project("{2150E333-8FDC-42A3-9474-1A3956D46DE8}") = "ReviewService", "ReviewService", "{50F138BF-954A-4A86-848D-D9A2EC143486}"
EndProject
Project("{2150E333-8FDC-42A3-9474-1A3956D46DE8}") = "NotificationService", "NotificationService", "{7EC1A2B8-4CC7-472F-A3D3-B9DFDDC5B736}"
EndProject
Project("{2150E333-8FDC-42A3-9474-1A3956D46DE8}") = "tests", "tests", "{80702713-C70B-4A74-B96C-2CE41C57A7C3}"
EndProject
Project("{FAE04EC0-301F-11D3-BF4B-00C04F79EFBC}") = "KosherClouds.BookingService", "src\BookingService\KosherClouds.BookingService\KosherClouds.BookingService.csproj", "{9275BC17-6F41-4AF7-8241-183B63506AA1}"
EndProject
Project("{FAE04EC0-301F-11D3-BF4B-00C04F79EFBC}") = "KosherClouds.CartService", "src\CartService\KosherClouds.CartService\KosherClouds.CartService.csproj", "{9B70629D-265B-4A28-B0A9-504B623A8974}"
EndProject
Project("{FAE04EC0-301F-11D3-BF4B-00C04F79EFBC}") = "KosherClouds.NotificationService", "src\NotificationService\KosherClouds.NotificationService\KosherClouds.NotificationService.csproj", "{CEBF001F-4278-4359-83EA-C5892EB677C1}"
EndProject
Project("{FAE04EC0-301F-11D3-BF4B-00C04F79EFBC}") = "KosherClouds.OrderService", "src\OrderService\KosherClouds.OrderService\KosherClouds.OrderService.csproj", "{513A2A66-88A6-4DE9-A3F6-93B6F192F1E7}"
EndProject
Project("{FAE04EC0-301F-11D3-BF4B-00C04F79EFBC}") = "KosherClouds.ProductService", "src\ProductService\KosherClouds.ProductService\KosherClouds.ProductService.csproj", "{F7CAEE5E-369F-45E7-9622-A866F54F416D}"
EndProject
Project("{FAE04EC0-301F-11D3-BF4B-00C04F79EFBC}") = "KosherClouds.ReviewService", "src\ReviewService\KosherClouds.ReviewService\KosherClouds.ReviewService.csproj", "{5D9B5719-AF25-4443-9A12-E3A1D91E6BC9}"
EndProject
Project("{FAE04EC0-301F-11D3-BF4B-00C04F79EFBC}") = "KosherClouds.UserService", "src\UserService\KosherClouds.UserService\KosherClouds.UserService.csproj", "{76BC499D-9598-4D9F-8113-A5B419E154D3}"
EndProject
Project("{FAE04EC0-301F-11D3-BF4B-00C04F79EFBC}") = "KosherClouds.Contracts", "shared\KosherClouds.Contracts\KosherClouds.Contracts.csproj", "{C50EF562-CCDF-4E56-ACEA-847A5B3B3EBB}"
EndProject
Project("{FAE04EC0-301F-11D3-BF4B-00C04F79EFBC}") = "KosherClouds.ServiceDefaults", "shared\KosherClouds.ServiceDefaults\KosherClouds.ServiceDefaults.csproj", "{6BB0243E-9101-48E8-B5C5-EFE7EE5107E8}"
EndProject
Project("{2150E333-8FDC-42A3-9474-1A3956D46DE8}") = "Gateway", "Gateway", "{59FE0AE3-2D06-4A59-844F-FD3AB1FBE524}"
EndProject
Project("{FAE04EC0-301F-11D3-BF4B-00C04F79EFBC}") = "KosherClouds.ApiGateway", "src\Gateway\KosherClouds.ApiGateway\KosherClouds.ApiGateway.csproj", "{6BA822B3-0D2E-4AA3-8124-56A733293A1D}"
EndProject
Project("{FAE04EC0-301F-11D3-BF4B-00C04F79EFBC}") = "KosherClouds.Common", "shared\KosherClouds.Common\KosherClouds.Common.csproj", "{66205805-B7DE-4382-9ECD-572A2535ED3F}"
EndProject
Project("{2150E333-8FDC-42A3-9474-1A3956D46DE8}") = "Solution Items", "Solution Items", "{077C6039-B7AA-4AAF-BF37-45494D019FF2}"
	ProjectSection(SolutionItems) = preProject
		global.json = global.json
	EndProjectSection
EndProject
Project("{FAE04EC0-301F-11D3-BF4B-00C04F79EFBC}") = "KosherClouds.PaymentService", "src\PaymentService\KosherClouds.PaymentService\KosherClouds.PaymentService.csproj", "{BA84CECF-5849-4F38-91E6-A390F20F4035}"
EndProject
Project("{2150E333-8FDC-42A3-9474-1A3956D46DE8}") = "PaymentService", "PaymentService", "{B9DE8549-1CB7-4EE3-959E-895CA04D6AFD}"
EndProject
Project("{2150E333-8FDC-42A3-9474-1A3956D46DE8}") = "Unit", "Unit", "{6E80CE4F-0E08-455B-8845-FD6046FE55E9}"
EndProject
Project("{FAE04EC0-301F-11D3-BF4B-00C04F79EFBC}") = "KosherClouds.ProductService.UnitTests", "tests\Unit\KosherClouds.ProductService.UnitTests\KosherClouds.ProductService.UnitTests.csproj", "{42916466-A30C-467A-A727-E9610F5C682D}"
EndProject
Project("{FAE04EC0-301F-11D3-BF4B-00C04F79EFBC}") = "KosherClouds.UserService.UnitTests", "tests\Unit\KosherClouds.UserService.UnitTests\KosherClouds.UserService.UnitTests.csproj", "{4ACD0972-3E42-496D-8CC0-CD87027BAC66}"
EndProject
Project("{FAE04EC0-301F-11D3-BF4B-00C04F79EFBC}") = "KosherClouds.ReviewService.UnitTests", "tests\Unit\KosherClouds.ReviewService.UnitTests\KosherClouds.ReviewService.UnitTests.csproj", "{32375EDB-E0B3-47F1-A4B7-7E47384633A0}"
EndProject
Project("{FAE04EC0-301F-11D3-BF4B-00C04F79EFBC}") = "KosherClouds.OrderService.UnitTests", "tests\Unit\KosherClouds.OrderService.UnitTests\KosherClouds.OrderService.UnitTests.csproj", "{C4BF96B3-88A3-4BF6-B938-55401118612B}"
EndProject
Project("{FAE04EC0-301F-11D3-BF4B-00C04F79EFBC}") = "KosherClouds.BookingService.UnitTests", "tests\Unit\KosherClouds.BookingService.UnitTests\KosherClouds.BookingService.UnitTests.csproj", "{6B4B35DD-4796-4BBE-844B-C8B5EEE55595}"
EndProject
Project("{FAE04EC0-301F-11D3-BF4B-00C04F79EFBC}") = "KosherClouds.CartService.UnitTests", "tests\Unit\KosherClouds.CartService.UnitTests\KosherClouds.CartService.UnitTests.csproj", "{E917BA82-0932-A37D-B309-33D95272383E}"
EndProject
Project("{2150E333-8FDC-42A3-9474-1A3956D46DE8}") = "Integration", "Integration", "{8739C923-0A3E-4E51-AE89-DF4403EF79FC}"
EndProject
Project("{FAE04EC0-301F-11D3-BF4B-00C04F79EFBC}") = "KosherClouds.OrderService.IntegrationTests", "tests\Integration\KosherClouds.OrderService.IntegrationTests\KosherClouds.OrderService.IntegrationTests.csproj", "{DB059D7A-D345-4B5E-81A2-501716901D50}"
EndProject
Project("{FAE04EC0-301F-11D3-BF4B-00C04F79EFBC}") = "KosherClouds.CartService.IntegrationTests", "tests\Integration\KosherClouds.CartService.IntegrationTests\KosherClouds.CartService.IntegrationTests.csproj", "{E0995A0F-67B6-4AFC-AC21-876FF5166028}"
EndProject
Project("{FAE04EC0-301F-11D3-BF4B-00C04F79EFBC}") = "KosherClouds.BookingService.IntegrationTests", "tests\Integration\KosherClouds.BookingService.IntegrationTests\KosherClouds.BookingService.IntegrationTests.csproj", "{E143A2CB-B7CC-4E61-90A4-BDEA3289C61C}"
EndProject
Project("{FAE04EC0-301F-11D3-BF4B-00C04F79EFBC}") = "KosherClouds.ProductService.IntegrationTests", "tests\Integration\KosherClouds.ProductService.IntegrationTests\KosherClouds.ProductService.IntegrationTests.csproj", "{FA8D201B-0E27-4637-85BE-EB887EDEF6E7}"
EndProject
Project("{FAE04EC0-301F-11D3-BF4B-00C04F79EFBC}") = "KosherClouds.ReviewService.IntegrationTests", "tests\Integration\KosherClouds.ReviewService.IntegrationTests\KosherClouds.ReviewService.IntegrationTests.csproj", "{5F667F32-30ED-414B-AEB9-DE770C9174C7}"
EndProject
Global
	GlobalSection(SolutionConfigurationPlatforms) = preSolution
		Debug|Any CPU = Debug|Any CPU
		Release|Any CPU = Release|Any CPU
	EndGlobalSection
	GlobalSection(ProjectConfigurationPlatforms) = postSolution
		{9275BC17-6F41-4AF7-8241-183B63506AA1}.Debug|Any CPU.ActiveCfg = Debug|Any CPU
		{9275BC17-6F41-4AF7-8241-183B63506AA1}.Debug|Any CPU.Build.0 = Debug|Any CPU
		{9275BC17-6F41-4AF7-8241-183B63506AA1}.Release|Any CPU.ActiveCfg = Release|Any CPU
		{9275BC17-6F41-4AF7-8241-183B63506AA1}.Release|Any CPU.Build.0 = Release|Any CPU
		{9B70629D-265B-4A28-B0A9-504B623A8974}.Debug|Any CPU.ActiveCfg = Debug|Any CPU
		{9B70629D-265B-4A28-B0A9-504B623A8974}.Debug|Any CPU.Build.0 = Debug|Any CPU
		{9B70629D-265B-4A28-B0A9-504B623A8974}.Release|Any CPU.ActiveCfg = Release|Any CPU
		{9B70629D-265B-4A28-B0A9-504B623A8974}.Release|Any CPU.Build.0 = Release|Any CPU
		{CEBF001F-4278-4359-83EA-C5892EB677C1}.Debug|Any CPU.ActiveCfg = Debug|Any CPU
		{CEBF001F-4278-4359-83EA-C5892EB677C1}.Debug|Any CPU.Build.0 = Debug|Any CPU
		{CEBF001F-4278-4359-83EA-C5892EB677C1}.Release|Any CPU.ActiveCfg = Release|Any CPU
		{CEBF001F-4278-4359-83EA-C5892EB677C1}.Release|Any CPU.Build.0 = Release|Any CPU
		{513A2A66-88A6-4DE9-A3F6-93B6F192F1E7}.Debug|Any CPU.ActiveCfg = Debug|Any CPU
		{513A2A66-88A6-4DE9-A3F6-93B6F192F1E7}.Debug|Any CPU.Build.0 = Debug|Any CPU
		{513A2A66-88A6-4DE9-A3F6-93B6F192F1E7}.Release|Any CPU.ActiveCfg = Release|Any CPU
		{513A2A66-88A6-4DE9-A3F6-93B6F192F1E7}.Release|Any CPU.Build.0 = Release|Any CPU
		{F7CAEE5E-369F-45E7-9622-A866F54F416D}.Debug|Any CPU.ActiveCfg = Debug|Any CPU
		{F7CAEE5E-369F-45E7-9622-A866F54F416D}.Debug|Any CPU.Build.0 = Debug|Any CPU
		{F7CAEE5E-369F-45E7-9622-A866F54F416D}.Release|Any CPU.ActiveCfg = Release|Any CPU
		{F7CAEE5E-369F-45E7-9622-A866F54F416D}.Release|Any CPU.Build.0 = Release|Any CPU
		{5D9B5719-AF25-4443-9A12-E3A1D91E6BC9}.Debug|Any CPU.ActiveCfg = Debug|Any CPU
		{5D9B5719-AF25-4443-9A12-E3A1D91E6BC9}.Debug|Any CPU.Build.0 = Debug|Any CPU
		{5D9B5719-AF25-4443-9A12-E3A1D91E6BC9}.Release|Any CPU.ActiveCfg = Release|Any CPU
		{5D9B5719-AF25-4443-9A12-E3A1D91E6BC9}.Release|Any CPU.Build.0 = Release|Any CPU
		{76BC499D-9598-4D9F-8113-A5B419E154D3}.Debug|Any CPU.ActiveCfg = Debug|Any CPU
		{76BC499D-9598-4D9F-8113-A5B419E154D3}.Debug|Any CPU.Build.0 = Debug|Any CPU
		{76BC499D-9598-4D9F-8113-A5B419E154D3}.Release|Any CPU.ActiveCfg = Release|Any CPU
		{76BC499D-9598-4D9F-8113-A5B419E154D3}.Release|Any CPU.Build.0 = Release|Any CPU
		{C50EF562-CCDF-4E56-ACEA-847A5B3B3EBB}.Debug|Any CPU.ActiveCfg = Debug|Any CPU
		{C50EF562-CCDF-4E56-ACEA-847A5B3B3EBB}.Debug|Any CPU.Build.0 = Debug|Any CPU
		{C50EF562-CCDF-4E56-ACEA-847A5B3B3EBB}.Release|Any CPU.ActiveCfg = Release|Any CPU
		{C50EF562-CCDF-4E56-ACEA-847A5B3B3EBB}.Release|Any CPU.Build.0 = Release|Any CPU
		{6BB0243E-9101-48E8-B5C5-EFE7EE5107E8}.Debug|Any CPU.ActiveCfg = Debug|Any CPU
		{6BB0243E-9101-48E8-B5C5-EFE7EE5107E8}.Debug|Any CPU.Build.0 = Debug|Any CPU
		{6BB0243E-9101-48E8-B5C5-EFE7EE5107E8}.Release|Any CPU.ActiveCfg = Release|Any CPU
		{6BB0243E-9101-48E8-B5C5-EFE7EE5107E8}.Release|Any CPU.Build.0 = Release|Any CPU
		{6BA822B3-0D2E-4AA3-8124-56A733293A1D}.Debug|Any CPU.ActiveCfg = Debug|Any CPU
		{6BA822B3-0D2E-4AA3-8124-56A733293A1D}.Debug|Any CPU.Build.0 = Debug|Any CPU
		{6BA822B3-0D2E-4AA3-8124-56A733293A1D}.Release|Any CPU.ActiveCfg = Release|Any CPU
		{6BA822B3-0D2E-4AA3-8124-56A733293A1D}.Release|Any CPU.Build.0 = Release|Any CPU
		{66205805-B7DE-4382-9ECD-572A2535ED3F}.Debug|Any CPU.ActiveCfg = Debug|Any CPU
		{66205805-B7DE-4382-9ECD-572A2535ED3F}.Debug|Any CPU.Build.0 = Debug|Any CPU
		{66205805-B7DE-4382-9ECD-572A2535ED3F}.Release|Any CPU.ActiveCfg = Release|Any CPU
		{66205805-B7DE-4382-9ECD-572A2535ED3F}.Release|Any CPU.Build.0 = Release|Any CPU
		{BA84CECF-5849-4F38-91E6-A390F20F4035}.Debug|Any CPU.ActiveCfg = Debug|Any CPU
		{BA84CECF-5849-4F38-91E6-A390F20F4035}.Debug|Any CPU.Build.0 = Debug|Any CPU
		{BA84CECF-5849-4F38-91E6-A390F20F4035}.Release|Any CPU.ActiveCfg = Release|Any CPU
		{BA84CECF-5849-4F38-91E6-A390F20F4035}.Release|Any CPU.Build.0 = Release|Any CPU
		{42916466-A30C-467A-A727-E9610F5C682D}.Debug|Any CPU.ActiveCfg = Debug|Any CPU
		{42916466-A30C-467A-A727-E9610F5C682D}.Debug|Any CPU.Build.0 = Debug|Any CPU
		{42916466-A30C-467A-A727-E9610F5C682D}.Release|Any CPU.ActiveCfg = Release|Any CPU
		{42916466-A30C-467A-A727-E9610F5C682D}.Release|Any CPU.Build.0 = Release|Any CPU
		{4ACD0972-3E42-496D-8CC0-CD87027BAC66}.Debug|Any CPU.ActiveCfg = Debug|Any CPU
		{4ACD0972-3E42-496D-8CC0-CD87027BAC66}.Debug|Any CPU.Build.0 = Debug|Any CPU
		{4ACD0972-3E42-496D-8CC0-CD87027BAC66}.Release|Any CPU.ActiveCfg = Release|Any CPU
		{4ACD0972-3E42-496D-8CC0-CD87027BAC66}.Release|Any CPU.Build.0 = Release|Any CPU
		{32375EDB-E0B3-47F1-A4B7-7E47384633A0}.Debug|Any CPU.ActiveCfg = Debug|Any CPU
		{32375EDB-E0B3-47F1-A4B7-7E47384633A0}.Debug|Any CPU.Build.0 = Debug|Any CPU
		{32375EDB-E0B3-47F1-A4B7-7E47384633A0}.Release|Any CPU.ActiveCfg = Release|Any CPU
		{32375EDB-E0B3-47F1-A4B7-7E47384633A0}.Release|Any CPU.Build.0 = Release|Any CPU
		{C4BF96B3-88A3-4BF6-B938-55401118612B}.Debug|Any CPU.ActiveCfg = Debug|Any CPU
		{C4BF96B3-88A3-4BF6-B938-55401118612B}.Debug|Any CPU.Build.0 = Debug|Any CPU
		{C4BF96B3-88A3-4BF6-B938-55401118612B}.Release|Any CPU.ActiveCfg = Release|Any CPU
		{C4BF96B3-88A3-4BF6-B938-55401118612B}.Release|Any CPU.Build.0 = Release|Any CPU
		{6B4B35DD-4796-4BBE-844B-C8B5EEE55595}.Debug|Any CPU.ActiveCfg = Debug|Any CPU
		{6B4B35DD-4796-4BBE-844B-C8B5EEE55595}.Debug|Any CPU.Build.0 = Debug|Any CPU
		{6B4B35DD-4796-4BBE-844B-C8B5EEE55595}.Release|Any CPU.ActiveCfg = Release|Any CPU
		{6B4B35DD-4796-4BBE-844B-C8B5EEE55595}.Release|Any CPU.Build.0 = Release|Any CPU
		{E917BA82-0932-A37D-B309-33D95272383E}.Debug|Any CPU.ActiveCfg = Debug|Any CPU
		{E917BA82-0932-A37D-B309-33D95272383E}.Debug|Any CPU.Build.0 = Debug|Any CPU
		{E917BA82-0932-A37D-B309-33D95272383E}.Release|Any CPU.ActiveCfg = Release|Any CPU
		{E917BA82-0932-A37D-B309-33D95272383E}.Release|Any CPU.Build.0 = Release|Any CPU
		{DB059D7A-D345-4B5E-81A2-501716901D50}.Debug|Any CPU.ActiveCfg = Debug|Any CPU
		{DB059D7A-D345-4B5E-81A2-501716901D50}.Debug|Any CPU.Build.0 = Debug|Any CPU
		{DB059D7A-D345-4B5E-81A2-501716901D50}.Release|Any CPU.ActiveCfg = Release|Any CPU
		{DB059D7A-D345-4B5E-81A2-501716901D50}.Release|Any CPU.Build.0 = Release|Any CPU
		{E0995A0F-67B6-4AFC-AC21-876FF5166028}.Debug|Any CPU.ActiveCfg = Debug|Any CPU
		{E0995A0F-67B6-4AFC-AC21-876FF5166028}.Debug|Any CPU.Build.0 = Debug|Any CPU
		{E0995A0F-67B6-4AFC-AC21-876FF5166028}.Release|Any CPU.ActiveCfg = Release|Any CPU
		{E0995A0F-67B6-4AFC-AC21-876FF5166028}.Release|Any CPU.Build.0 = Release|Any CPU
		{E143A2CB-B7CC-4E61-90A4-BDEA3289C61C}.Debug|Any CPU.ActiveCfg = Debug|Any CPU
		{E143A2CB-B7CC-4E61-90A4-BDEA3289C61C}.Debug|Any CPU.Build.0 = Debug|Any CPU
		{E143A2CB-B7CC-4E61-90A4-BDEA3289C61C}.Release|Any CPU.ActiveCfg = Release|Any CPU
		{E143A2CB-B7CC-4E61-90A4-BDEA3289C61C}.Release|Any CPU.Build.0 = Release|Any CPU
		{FA8D201B-0E27-4637-85BE-EB887EDEF6E7}.Debug|Any CPU.ActiveCfg = Debug|Any CPU
		{FA8D201B-0E27-4637-85BE-EB887EDEF6E7}.Debug|Any CPU.Build.0 = Debug|Any CPU
		{FA8D201B-0E27-4637-85BE-EB887EDEF6E7}.Release|Any CPU.ActiveCfg = Release|Any CPU
		{FA8D201B-0E27-4637-85BE-EB887EDEF6E7}.Release|Any CPU.Build.0 = Release|Any CPU
		{5F667F32-30ED-414B-AEB9-DE770C9174C7}.Debug|Any CPU.ActiveCfg = Debug|Any CPU
		{5F667F32-30ED-414B-AEB9-DE770C9174C7}.Debug|Any CPU.Build.0 = Debug|Any CPU
		{5F667F32-30ED-414B-AEB9-DE770C9174C7}.Release|Any CPU.ActiveCfg = Release|Any CPU
		{5F667F32-30ED-414B-AEB9-DE770C9174C7}.Release|Any CPU.Build.0 = Release|Any CPU
	EndGlobalSection
	GlobalSection(SolutionProperties) = preSolution
		HideSolutionNode = FALSE
	EndGlobalSection
	GlobalSection(NestedProjects) = preSolution
		{3B9B79CD-4FDA-4AD8-B333-BA2B7B02DFED} = {02EA681E-C7D8-13C7-8484-4AC65E1B71E8}
		{F3D5B877-50D7-49F0-948C-F67D676D7935} = {02EA681E-C7D8-13C7-8484-4AC65E1B71E8}
		{F1887809-8646-407D-9A01-50BFDBAC5239} = {02EA681E-C7D8-13C7-8484-4AC65E1B71E8}
		{0BBF9E35-A062-4A51-B061-DDB0AA41091D} = {02EA681E-C7D8-13C7-8484-4AC65E1B71E8}
		{0CF9F2CF-610B-4D6F-8080-74CB5BB791CC} = {02EA681E-C7D8-13C7-8484-4AC65E1B71E8}
		{50F138BF-954A-4A86-848D-D9A2EC143486} = {02EA681E-C7D8-13C7-8484-4AC65E1B71E8}
		{7EC1A2B8-4CC7-472F-A3D3-B9DFDDC5B736} = {02EA681E-C7D8-13C7-8484-4AC65E1B71E8}
		{9275BC17-6F41-4AF7-8241-183B63506AA1} = {0CF9F2CF-610B-4D6F-8080-74CB5BB791CC}
		{9B70629D-265B-4A28-B0A9-504B623A8974} = {F1887809-8646-407D-9A01-50BFDBAC5239}
		{CEBF001F-4278-4359-83EA-C5892EB677C1} = {7EC1A2B8-4CC7-472F-A3D3-B9DFDDC5B736}
		{513A2A66-88A6-4DE9-A3F6-93B6F192F1E7} = {0BBF9E35-A062-4A51-B061-DDB0AA41091D}
		{F7CAEE5E-369F-45E7-9622-A866F54F416D} = {F3D5B877-50D7-49F0-948C-F67D676D7935}
		{5D9B5719-AF25-4443-9A12-E3A1D91E6BC9} = {50F138BF-954A-4A86-848D-D9A2EC143486}
		{76BC499D-9598-4D9F-8113-A5B419E154D3} = {3B9B79CD-4FDA-4AD8-B333-BA2B7B02DFED}
		{C50EF562-CCDF-4E56-ACEA-847A5B3B3EBB} = {88AEB93A-467F-4DE6-A815-B4A2427617D1}
		{6BB0243E-9101-48E8-B5C5-EFE7EE5107E8} = {88AEB93A-467F-4DE6-A815-B4A2427617D1}
		{59FE0AE3-2D06-4A59-844F-FD3AB1FBE524} = {02EA681E-C7D8-13C7-8484-4AC65E1B71E8}
		{6BA822B3-0D2E-4AA3-8124-56A733293A1D} = {59FE0AE3-2D06-4A59-844F-FD3AB1FBE524}
		{66205805-B7DE-4382-9ECD-572A2535ED3F} = {88AEB93A-467F-4DE6-A815-B4A2427617D1}
		{BA84CECF-5849-4F38-91E6-A390F20F4035} = {B9DE8549-1CB7-4EE3-959E-895CA04D6AFD}
		{B9DE8549-1CB7-4EE3-959E-895CA04D6AFD} = {02EA681E-C7D8-13C7-8484-4AC65E1B71E8}
		{6E80CE4F-0E08-455B-8845-FD6046FE55E9} = {80702713-C70B-4A74-B96C-2CE41C57A7C3}
		{42916466-A30C-467A-A727-E9610F5C682D} = {6E80CE4F-0E08-455B-8845-FD6046FE55E9}
		{4ACD0972-3E42-496D-8CC0-CD87027BAC66} = {6E80CE4F-0E08-455B-8845-FD6046FE55E9}
		{32375EDB-E0B3-47F1-A4B7-7E47384633A0} = {6E80CE4F-0E08-455B-8845-FD6046FE55E9}
		{C4BF96B3-88A3-4BF6-B938-55401118612B} = {6E80CE4F-0E08-455B-8845-FD6046FE55E9}
		{6B4B35DD-4796-4BBE-844B-C8B5EEE55595} = {6E80CE4F-0E08-455B-8845-FD6046FE55E9}
		{E917BA82-0932-A37D-B309-33D95272383E} = {6E80CE4F-0E08-455B-8845-FD6046FE55E9}
		{8739C923-0A3E-4E51-AE89-DF4403EF79FC} = {80702713-C70B-4A74-B96C-2CE41C57A7C3}
		{DB059D7A-D345-4B5E-81A2-501716901D50} = {8739C923-0A3E-4E51-AE89-DF4403EF79FC}
		{E0995A0F-67B6-4AFC-AC21-876FF5166028} = {8739C923-0A3E-4E51-AE89-DF4403EF79FC}
		{E143A2CB-B7CC-4E61-90A4-BDEA3289C61C} = {8739C923-0A3E-4E51-AE89-DF4403EF79FC}
		{FA8D201B-0E27-4637-85BE-EB887EDEF6E7} = {8739C923-0A3E-4E51-AE89-DF4403EF79FC}
		{5F667F32-30ED-414B-AEB9-DE770C9174C7} = {8739C923-0A3E-4E51-AE89-DF4403EF79FC}
	EndGlobalSection
	GlobalSection(ExtensibilityGlobals) = postSolution
		SolutionGuid = {1FAEA2CC-23BF-406F-8106-AF483733C4BB}
	EndGlobalSection
EndGlobal
